
Microsoft Visual Studio Solution File, Format Version 12.00
# Visual Studio 15
VisualStudioVersion = 15.0.28010.2026
MinimumVisualStudioVersion = 10.0.40219.1
Project("{FAE04EC0-301F-11D3-BF4B-00C04F79EFBC}") = "FixedWidthParserWriter", "FixedWidthParserWriter\FixedWidthParserWriter.csproj", "{87C1E4EA-5F2B-443C-BD4E-A4D30458688A}"
EndProject
Project("{FAE04EC0-301F-11D3-BF4B-00C04F79EFBC}") = "FixedWidthParserWriter.Tests", "FixedWidthParserWriter.Tests\FixedWidthParserWriter.Tests.csproj", "{7CA73A4B-5B12-4D7E-B4DF-C36052222F5D}"
EndProject
Global
	GlobalSection(SolutionConfigurationPlatforms) = preSolution
		Debug|Any CPU = Debug|Any CPU
		Release|Any CPU = Release|Any CPU
	EndGlobalSection
	GlobalSection(ProjectConfigurationPlatforms) = postSolution
		{87C1E4EA-5F2B-443C-BD4E-A4D30458688A}.Debug|Any CPU.ActiveCfg = Debug|Any CPU
		{87C1E4EA-5F2B-443C-BD4E-A4D30458688A}.Debug|Any CPU.Build.0 = Debug|Any CPU
		{87C1E4EA-5F2B-443C-BD4E-A4D30458688A}.Release|Any CPU.ActiveCfg = Release|Any CPU
		{87C1E4EA-5F2B-443C-BD4E-A4D30458688A}.Release|Any CPU.Build.0 = Release|Any CPU
		{7CA73A4B-5B12-4D7E-B4DF-C36052222F5D}.Debug|Any CPU.ActiveCfg = Debug|Any CPU
		{7CA73A4B-5B12-4D7E-B4DF-C36052222F5D}.Debug|Any CPU.Build.0 = Debug|Any CPU
		{7CA73A4B-5B12-4D7E-B4DF-C36052222F5D}.Release|Any CPU.ActiveCfg = Release|Any CPU
		{7CA73A4B-5B12-4D7E-B4DF-C36052222F5D}.Release|Any CPU.Build.0 = Release|Any CPU
	EndGlobalSection
	GlobalSection(SolutionProperties) = preSolution
		HideSolutionNode = FALSE
	EndGlobalSection
	GlobalSection(ExtensibilityGlobals) = postSolution
		SolutionGuid = {A048DFFF-7A27-40A1-AAC8-62C9B362C960}
	EndGlobalSection
EndGlobal
